
Microsoft Visual Studio Solution File, Format Version 12.00
# Visual Studio Version 17
VisualStudioVersion = 17.10.35027.167
MinimumVisualStudioVersion = 10.0.40219.1
Project("{FAE04EC0-301F-11D3-BF4B-00C04F79EFBC}") = "adventOfCode4.2", "adventOfCode4.2\adventOfCode4.2.csproj", "{0B4474C0-51AC-432B-B8D0-E74052F68F7D}"
EndProject
Global
	GlobalSection(SolutionConfigurationPlatforms) = preSolution
		Debug|Any CPU = Debug|Any CPU
		Release|Any CPU = Release|Any CPU
	EndGlobalSection
	GlobalSection(ProjectConfigurationPlatforms) = postSolution
		{0B4474C0-51AC-432B-B8D0-E74052F68F7D}.Debug|Any CPU.ActiveCfg = Debug|Any CPU
		{0B4474C0-51AC-432B-B8D0-E74052F68F7D}.Debug|Any CPU.Build.0 = Debug|Any CPU
		{0B4474C0-51AC-432B-B8D0-E74052F68F7D}.Release|Any CPU.ActiveCfg = Release|Any CPU
		{0B4474C0-51AC-432B-B8D0-E74052F68F7D}.Release|Any CPU.Build.0 = Release|Any CPU
	EndGlobalSection
	GlobalSection(SolutionProperties) = preSolution
		HideSolutionNode = FALSE
	EndGlobalSection
	GlobalSection(ExtensibilityGlobals) = postSolution
		SolutionGuid = {AA02728B-FFFC-4B3A-B851-580553DF0537}
	EndGlobalSection
EndGlobal
