
Microsoft Visual Studio Solution File, Format Version 12.00
# Visual Studio Version 17
VisualStudioVersion = 17.10.35027.167
MinimumVisualStudioVersion = 10.0.40219.1
Project("{FAE04EC0-301F-11D3-BF4B-00C04F79EFBC}") = "adventOfCode4", "adventOfCode4\adventOfCode4.csproj", "{559FDF5A-FC8D-418A-BB53-4F3E5FD4ADFE}"
EndProject
Global
	GlobalSection(SolutionConfigurationPlatforms) = preSolution
		Debug|Any CPU = Debug|Any CPU
		Release|Any CPU = Release|Any CPU
	EndGlobalSection
	GlobalSection(ProjectConfigurationPlatforms) = postSolution
		{559FDF5A-FC8D-418A-BB53-4F3E5FD4ADFE}.Debug|Any CPU.ActiveCfg = Debug|Any CPU
		{559FDF5A-FC8D-418A-BB53-4F3E5FD4ADFE}.Debug|Any CPU.Build.0 = Debug|Any CPU
		{559FDF5A-FC8D-418A-BB53-4F3E5FD4ADFE}.Release|Any CPU.ActiveCfg = Release|Any CPU
		{559FDF5A-FC8D-418A-BB53-4F3E5FD4ADFE}.Release|Any CPU.Build.0 = Release|Any CPU
	EndGlobalSection
	GlobalSection(SolutionProperties) = preSolution
		HideSolutionNode = FALSE
	EndGlobalSection
	GlobalSection(ExtensibilityGlobals) = postSolution
		SolutionGuid = {74D8B6C7-8DFC-429B-A19C-8ACA80981E2A}
	EndGlobalSection
EndGlobal
