
Microsoft Visual Studio Solution File, Format Version 12.00
# Visual Studio Version 17
VisualStudioVersion = 17.10.35027.167
MinimumVisualStudioVersion = 10.0.40219.1
Project("{FAE04EC0-301F-11D3-BF4B-00C04F79EFBC}") = "AdventOfCode11", "AdventOfCode11\AdventOfCode11.csproj", "{AA64E36D-AD28-4A8D-85D0-90C10D7ECF12}"
EndProject
Global
	GlobalSection(SolutionConfigurationPlatforms) = preSolution
		Debug|Any CPU = Debug|Any CPU
		Release|Any CPU = Release|Any CPU
	EndGlobalSection
	GlobalSection(ProjectConfigurationPlatforms) = postSolution
		{AA64E36D-AD28-4A8D-85D0-90C10D7ECF12}.Debug|Any CPU.ActiveCfg = Debug|Any CPU
		{AA64E36D-AD28-4A8D-85D0-90C10D7ECF12}.Debug|Any CPU.Build.0 = Debug|Any CPU
		{AA64E36D-AD28-4A8D-85D0-90C10D7ECF12}.Release|Any CPU.ActiveCfg = Release|Any CPU
		{AA64E36D-AD28-4A8D-85D0-90C10D7ECF12}.Release|Any CPU.Build.0 = Release|Any CPU
	EndGlobalSection
	GlobalSection(SolutionProperties) = preSolution
		HideSolutionNode = FALSE
	EndGlobalSection
	GlobalSection(ExtensibilityGlobals) = postSolution
		SolutionGuid = {3D8D13AB-4E68-44AA-867F-7F042C28A3E5}
	EndGlobalSection
EndGlobal
